
Microsoft Visual Studio Solution File, Format Version 12.00
# Visual Studio Version 17
VisualStudioVersion = 17.0.31919.166
MinimumVisualStudioVersion = 10.0.40219.1
Project("{FAE04EC0-301F-11D3-BF4B-00C04F79EFBC}") = "Metot-Overloading", "Metot-Overloading\Metot-Overloading.csproj", "{F4D08ABC-16EA-4BB1-9540-798A78C04680}"
EndProject
Global
	GlobalSection(SolutionConfigurationPlatforms) = preSolution
		Debug|Any CPU = Debug|Any CPU
		Release|Any CPU = Release|Any CPU
	EndGlobalSection
	GlobalSection(ProjectConfigurationPlatforms) = postSolution
		{F4D08ABC-16EA-4BB1-9540-798A78C04680}.Debug|Any CPU.ActiveCfg = Debug|Any CPU
		{F4D08ABC-16EA-4BB1-9540-798A78C04680}.Debug|Any CPU.Build.0 = Debug|Any CPU
		{F4D08ABC-16EA-4BB1-9540-798A78C04680}.Release|Any CPU.ActiveCfg = Release|Any CPU
		{F4D08ABC-16EA-4BB1-9540-798A78C04680}.Release|Any CPU.Build.0 = Release|Any CPU
	EndGlobalSection
	GlobalSection(SolutionProperties) = preSolution
		HideSolutionNode = FALSE
	EndGlobalSection
	GlobalSection(ExtensibilityGlobals) = postSolution
		SolutionGuid = {E6254E90-B9CC-4819-8499-795C0F72408C}
	EndGlobalSection
EndGlobal
